// !$*UTF8*$!
{
	archiveVersion = 1;
	classes = {
	};
	objectVersion = 77;
	objects = {

/* Begin PBXBuildFile section */
		0486F3C32FE7B7B700F77688 /* AppDelegate.swift in Sources */ = {isa = PBXBuildFile; fileRef = 0486F3C22FE7B7B700F77688 /* AppDelegate.swift */; };
		0486F3C52FE7B7B700F77688 /* SceneDelegate.swift in Sources */ = {isa = PBXBuildFile; fileRef = 0486F3C42FE7B7B700F77688 /* SceneDelegate.swift */; };
		0486F3C82FE7B7B700F77688 /* LaunchScreen.storyboard in Resources */ = {isa = PBXBuildFile; fileRef = 0486F3C62FE7B7B700F77688 /* LaunchScreen.storyboard */; };
		0486F3CB2FE7B7B700F77688 /* Main.storyboard in Resources */ = {isa = PBXBuildFile; fileRef = 0486F3C92FE7B7B700F77688 /* Main.storyboard */; };
		0486F3D42FE7B7B700F77688 /* AppDelegate.swift in Sources */ = {isa = PBXBuildFile; fileRef = 0486F3D32FE7B7B700F77688 /* AppDelegate.swift */; };
		0486F3D72FE7B7B700F77688 /* Main.storyboard in Resources */ = {isa = PBXBuildFile; fileRef = 0486F3D52FE7B7B700F77688 /* Main.storyboard */; };
		0486F3DE2FE7B7B700F77688 /* Stress Skeleton Lab Extension.appex in Embed Foundation Extensions */ = {isa = PBXBuildFile; fileRef = 0486F3DD2FE7B7B700F77688 /* Stress Skeleton Lab Extension.appex */; settings = {ATTRIBUTES = (RemoveHeadersOnCopy, ); }; };
		0486F3E82FE7B7B700F77688 /* Stress Skeleton Lab Extension.appex in Embed Foundation Extensions */ = {isa = PBXBuildFile; fileRef = 0486F3E72FE7B7B700F77688 /* Stress Skeleton Lab Extension.appex */; settings = {ATTRIBUTES = (RemoveHeadersOnCopy, ); }; };
		0486F3ED2FE7B7B700F77688 /* Main.html in Resources */ = {isa = PBXBuildFile; fileRef = 0486F3B22FE7B7B600F77688 /* Main.html */; };
		0486F3EE2FE7B7B700F77688 /* Main.html in Resources */ = {isa = PBXBuildFile; fileRef = 0486F3B22FE7B7B600F77688 /* Main.html */; };
		0486F3EF2FE7B7B700F77688 /* Icon.png in Resources */ = {isa = PBXBuildFile; fileRef = 0486F3B42FE7B7B600F77688 /* Icon.png */; };
		0486F3F02FE7B7B700F77688 /* Icon.png in Resources */ = {isa = PBXBuildFile; fileRef = 0486F3B42FE7B7B600F77688 /* Icon.png */; };
		0486F3F12FE7B7B700F77688 /* Style.css in Resources */ = {isa = PBXBuildFile; fileRef = 0486F3B52FE7B7B600F77688 /* Style.css */; };
		0486F3F22FE7B7B700F77688 /* Style.css in Resources */ = {isa = PBXBuildFile; fileRef = 0486F3B52FE7B7B600F77688 /* Style.css */; };
		0486F3F32FE7B7B700F77688 /* Script.js in Resources */ = {isa = PBXBuildFile; fileRef = 0486F3B62FE7B7B600F77688 /* Script.js */; };
		0486F3F42FE7B7B700F77688 /* Script.js in Resources */ = {isa = PBXBuildFile; fileRef = 0486F3B62FE7B7B600F77688 /* Script.js */; };
		0486F3F52FE7B7B700F77688 /* ViewController.swift in Sources */ = {isa = PBXBuildFile; fileRef = 0486F3B72FE7B7B600F77688 /* ViewController.swift */; };
		0486F3F62FE7B7B700F77688 /* ViewController.swift in Sources */ = {isa = PBXBuildFile; fileRef = 0486F3B72FE7B7B600F77688 /* ViewController.swift */; };
		0486F3F72FE7B7B700F77688 /* Assets.xcassets in Resources */ = {isa = PBXBuildFile; fileRef = 0486F3B82FE7B7B700F77688 /* Assets.xcassets */; };
		0486F3F82FE7B7B700F77688 /* Assets.xcassets in Resources */ = {isa = PBXBuildFile; fileRef = 0486F3B82FE7B7B700F77688 /* Assets.xcassets */; };
		0486F3F92FE7B7B700F77688 /* SafariWebExtensionHandler.swift in Sources */ = {isa = PBXBuildFile; fileRef = 0486F3BA2FE7B7B700F77688 /* SafariWebExtensionHandler.swift */; };
		0486F3FA2FE7B7B700F77688 /* SafariWebExtensionHandler.swift in Sources */ = {isa = PBXBuildFile; fileRef = 0486F3BA2FE7B7B700F77688 /* SafariWebExtensionHandler.swift */; };
		0486F4122FE7B7B700F77688 /* LICENSE in Resources */ = {isa = PBXBuildFile; fileRef = 0486F40C2FE7B7B700F77688 /* LICENSE */; };
		0486F4132FE7B7B700F77688 /* README.md in Resources */ = {isa = PBXBuildFile; fileRef = 0486F40D2FE7B7B700F77688 /* README.md */; };
		0486F4142FE7B7B700F77688 /* manifest.json in Resources */ = {isa = PBXBuildFile; fileRef = 0486F40E2FE7B7B700F77688 /* manifest.json */; };
		0486F4152FE7B7B700F77688 /* _locales in Resources */ = {isa = PBXBuildFile; fileRef = 0486F40F2FE7B7B700F77688 /* _locales */; };
		0486F4162FE7B7B700F77688 /* assets in Resources */ = {isa = PBXBuildFile; fileRef = 0486F4102FE7B7B700F77688 /* assets */; };
		0486F4172FE7B7B700F77688 /* src in Resources */ = {isa = PBXBuildFile; fileRef = 0486F4112FE7B7B700F77688 /* src */; };
		0486F4182FE7B7B700F77688 /* LICENSE in Resources */ = {isa = PBXBuildFile; fileRef = 0486F40C2FE7B7B700F77688 /* LICENSE */; };
		0486F4192FE7B7B700F77688 /* README.md in Resources */ = {isa = PBXBuildFile; fileRef = 0486F40D2FE7B7B700F77688 /* README.md */; };
		0486F41A2FE7B7B700F77688 /* manifest.json in Resources */ = {isa = PBXBuildFile; fileRef = 0486F40E2FE7B7B700F77688 /* manifest.json */; };
		0486F41B2FE7B7B700F77688 /* _locales in Resources */ = {isa = PBXBuildFile; fileRef = 0486F40F2FE7B7B700F77688 /* _locales */; };
		0486F41C2FE7B7B700F77688 /* assets in Resources */ = {isa = PBXBuildFile; fileRef = 0486F4102FE7B7B700F77688 /* assets */; };
		0486F41D2FE7B7B700F77688 /* src in Resources */ = {isa = PBXBuildFile; fileRef = 0486F4112FE7B7B700F77688 /* src */; };
/* End PBXBuildFile section */

/* Begin PBXContainerItemProxy section */
		0486F3DF2FE7B7B700F77688 /* PBXContainerItemProxy */ = {
			isa = PBXContainerItemProxy;
			containerPortal = 0486F3AC2FE7B7B600F77688 /* Project object */;
			proxyType = 1;
			remoteGlobalIDString = 0486F3DC2FE7B7B700F77688;
			remoteInfo = "Stress Skeleton Lab Extension (iOS)";
		};
		0486F3E92FE7B7B700F77688 /* PBXContainerItemProxy */ = {
			isa = PBXContainerItemProxy;
			containerPortal = 0486F3AC2FE7B7B600F77688 /* Project object */;
			proxyType = 1;
			remoteGlobalIDString = 0486F3E62FE7B7B700F77688;
			remoteInfo = "Stress Skeleton Lab Extension (macOS)";
		};
/* End PBXContainerItemProxy section */

/* Begin PBXCopyFilesBuildPhase section */
		0486F4002FE7B7B700F77688 /* Embed Foundation Extensions */ = {
			isa = PBXCopyFilesBuildPhase;
			buildActionMask = 2147483647;
			dstPath = "";
			dstSubfolderSpec = 13;
			files = (
				0486F3DE2FE7B7B700F77688 /* Stress Skeleton Lab Extension.appex in Embed Foundation Extensions */,
			);
			name = "Embed Foundation Extensions";
			runOnlyForDeploymentPostprocessing = 0;
		};
		0486F4072FE7B7B700F77688 /* Embed Foundation Extensions */ = {
			isa = PBXCopyFilesBuildPhase;
			buildActionMask = 2147483647;
			dstPath = "";
			dstSubfolderSpec = 13;
			files = (
				0486F3E82FE7B7B700F77688 /* Stress Skeleton Lab Extension.appex in Embed Foundation Extensions */,
			);
			name = "Embed Foundation Extensions";
			runOnlyForDeploymentPostprocessing = 0;
		};
/* End PBXCopyFilesBuildPhase section */

/* Begin PBXFileReference section */
		0486F3B32FE7B7B600F77688 /* Base */ = {isa = PBXFileReference; lastKnownFileType = text.html; name = Base; path = Base.lproj/Main.html; sourceTree = "<group>"; };
		0486F3B42FE7B7B600F77688 /* Icon.png */ = {isa = PBXFileReference; lastKnownFileType = image.png; path = Icon.png; sourceTree = "<group>"; };
		0486F3B52FE7B7B600F77688 /* Style.css */ = {isa = PBXFileReference; lastKnownFileType = text.css; path = Style.css; sourceTree = "<group>"; };
		0486F3B62FE7B7B600F77688 /* Script.js */ = {isa = PBXFileReference; lastKnownFileType = sourcecode.javascript; path = Script.js; sourceTree = "<group>"; };
		0486F3B72FE7B7B600F77688 /* ViewController.swift */ = {isa = PBXFileReference; lastKnownFileType = sourcecode.swift; path = ViewController.swift; sourceTree = "<group>"; };
		0486F3B82FE7B7B700F77688 /* Assets.xcassets */ = {isa = PBXFileReference; lastKnownFileType = folder.assetcatalog; path = Assets.xcassets; sourceTree = "<group>"; };
		0486F3BA2FE7B7B700F77688 /* SafariWebExtensionHandler.swift */ = {isa = PBXFileReference; lastKnownFileType = sourcecode.swift; path = SafariWebExtensionHandler.swift; sourceTree = "<group>"; };
		0486F3BF2FE7B7B700F77688 /* Stress Skeleton Lab.app */ = {isa = PBXFileReference; explicitFileType = wrapper.application; includeInIndex = 0; path = Stress Skeleton Lab.app; sourceTree = BUILT_PRODUCTS_DIR; };
		0486F3C22FE7B7B700F77688 /* AppDelegate.swift */ = {isa = PBXFileReference; lastKnownFileType = sourcecode.swift; path = AppDelegate.swift; sourceTree = "<group>"; };
		0486F3C42FE7B7B700F77688 /* SceneDelegate.swift */ = {isa = PBXFileReference; lastKnownFileType = sourcecode.swift; path = SceneDelegate.swift; sourceTree = "<group>"; };
		0486F3C72FE7B7B700F77688 /* Base */ = {isa = PBXFileReference; lastKnownFileType = file.storyboard; name = Base; path = Base.lproj/LaunchScreen.storyboard; sourceTree = "<group>"; };
		0486F3CA2FE7B7B700F77688 /* Base */ = {isa = PBXFileReference; lastKnownFileType = file.storyboard; name = Base; path = Base.lproj/Main.storyboard; sourceTree = "<group>"; };
		0486F3CC2FE7B7B700F77688 /* Info.plist */ = {isa = PBXFileReference; lastKnownFileType = text.plist.xml; path = Info.plist; sourceTree = "<group>"; };
		0486F3D12FE7B7B700F77688 /* Stress Skeleton Lab.app */ = {isa = PBXFileReference; explicitFileType = wrapper.application; includeInIndex = 0; path = Stress Skeleton Lab.app; sourceTree = BUILT_PRODUCTS_DIR; };
		0486F3D32FE7B7B700F77688 /* AppDelegate.swift */ = {isa = PBXFileReference; lastKnownFileType = sourcecode.swift; path = AppDelegate.swift; sourceTree = "<group>"; };
		0486F3D62FE7B7B700F77688 /* Base */ = {isa = PBXFileReference; lastKnownFileType = file.storyboard; name = Base; path = Base.lproj/Main.storyboard; sourceTree = "<group>"; };
		0486F3D82FE7B7B700F77688 /* Info.plist */ = {isa = PBXFileReference; lastKnownFileType = text.plist.xml; path = Info.plist; sourceTree = "<group>"; };
		0486F3DD2FE7B7B700F77688 /* Stress Skeleton Lab Extension.appex */ = {isa = PBXFileReference; explicitFileType = "wrapper.app-extension"; includeInIndex = 0; path = "Stress Skeleton Lab Extension.appex"; sourceTree = BUILT_PRODUCTS_DIR; };
		0486F3E22FE7B7B700F77688 /* Info.plist */ = {isa = PBXFileReference; lastKnownFileType = text.plist.xml; path = Info.plist; sourceTree = "<group>"; };
		0486F3E72FE7B7B700F77688 /* Stress Skeleton Lab Extension.appex */ = {isa = PBXFileReference; explicitFileType = "wrapper.app-extension"; includeInIndex = 0; path = "Stress Skeleton Lab Extension.appex"; sourceTree = BUILT_PRODUCTS_DIR; };
		0486F3EC2FE7B7B700F77688 /* Info.plist */ = {isa = PBXFileReference; lastKnownFileType = text.plist.xml; path = Info.plist; sourceTree = "<group>"; };
		0486F40C2FE7B7B700F77688 /* LICENSE */ = {isa = PBXFileReference; lastKnownFileType = text; name = LICENSE; path = ../../../dist/LICENSE; sourceTree = "<group>"; };
		0486F40D2FE7B7B700F77688 /* README.md */ = {isa = PBXFileReference; lastKnownFileType = net.daringfireball.markdown; name = README.md; path = ../../../dist/README.md; sourceTree = "<group>"; };
		0486F40E2FE7B7B700F77688 /* manifest.json */ = {isa = PBXFileReference; lastKnownFileType = text.json; name = manifest.json; path = ../../../dist/manifest.json; sourceTree = "<group>"; };
		0486F40F2FE7B7B700F77688 /* _locales */ = {isa = PBXFileReference; lastKnownFileType = folder; name = _locales; path = ../../../dist/_locales; sourceTree = "<group>"; };
		0486F4102FE7B7B700F77688 /* assets */ = {isa = PBXFileReference; lastKnownFileType = folder; name = assets; path = ../../../dist/assets; sourceTree = "<group>"; };
		0486F4112FE7B7B700F77688 /* src */ = {isa = PBXFileReference; lastKnownFileType = folder; name = src; path = ../../../dist/src; sourceTree = "<group>"; };
/* End PBXFileReference section */

/* Begin PBXFrameworksBuildPhase section */
		0486F3BC2FE7B7B700F77688 /* Frameworks */ = {
			isa = PBXFrameworksBuildPhase;
			buildActionMask = 2147483647;
			files = (
			);
			runOnlyForDeploymentPostprocessing = 0;
		};
		0486F3CE2FE7B7B700F77688 /* Frameworks */ = {
			isa = PBXFrameworksBuildPhase;
			buildActionMask = 2147483647;
			files = (
			);
			runOnlyForDeploymentPostprocessing = 0;
		};
		0486F3DA2FE7B7B700F77688 /* Frameworks */ = {
			isa = PBXFrameworksBuildPhase;
			buildActionMask = 2147483647;
			files = (
			);
			runOnlyForDeploymentPostprocessing = 0;
		};
		0486F3E42FE7B7B700F77688 /* Frameworks */ = {
			isa = PBXFrameworksBuildPhase;
			buildActionMask = 2147483647;
			files = (
			);
			runOnlyForDeploymentPostprocessing = 0;
		};
/* End PBXFrameworksBuildPhase section */

/* Begin PBXGroup section */
		0486F3AB2FE7B7B600F77688 = {
			isa = PBXGroup;
			children = (
				0486F3B02FE7B7B600F77688 /* Shared (App) */,
				0486F3B92FE7B7B700F77688 /* Shared (Extension) */,
				0486F3C12FE7B7B700F77688 /* iOS (App) */,
				0486F3D22FE7B7B700F77688 /* macOS (App) */,
				0486F3E12FE7B7B700F77688 /* iOS (Extension) */,
				0486F3EB2FE7B7B700F77688 /* macOS (Extension) */,
				0486F3C02FE7B7B700F77688 /* Products */,
			);
			sourceTree = "<group>";
		};
		0486F3B02FE7B7B600F77688 /* Shared (App) */ = {
			isa = PBXGroup;
			children = (
				0486F3B72FE7B7B600F77688 /* ViewController.swift */,
				0486F3B82FE7B7B700F77688 /* Assets.xcassets */,
				0486F3B12FE7B7B600F77688 /* Resources */,
			);
			path = "Shared (App)";
			sourceTree = "<group>";
		};
		0486F3B12FE7B7B600F77688 /* Resources */ = {
			isa = PBXGroup;
			children = (
				0486F3B22FE7B7B600F77688 /* Main.html */,
				0486F3B42FE7B7B600F77688 /* Icon.png */,
				0486F3B52FE7B7B600F77688 /* Style.css */,
				0486F3B62FE7B7B600F77688 /* Script.js */,
			);
			path = Resources;
			sourceTree = "<group>";
		};
		0486F3B92FE7B7B700F77688 /* Shared (Extension) */ = {
			isa = PBXGroup;
			children = (
				0486F40B2FE7B7B700F77688 /* Resources */,
				0486F3BA2FE7B7B700F77688 /* SafariWebExtensionHandler.swift */,
			);
			path = "Shared (Extension)";
			sourceTree = "<group>";
		};
		0486F3C02FE7B7B700F77688 /* Products */ = {
			isa = PBXGroup;
			children = (
				0486F3BF2FE7B7B700F77688 /* Stress Skeleton Lab.app */,
				0486F3D12FE7B7B700F77688 /* Stress Skeleton Lab.app */,
				0486F3DD2FE7B7B700F77688 /* Stress Skeleton Lab Extension.appex */,
				0486F3E72FE7B7B700F77688 /* Stress Skeleton Lab Extension.appex */,
			);
			name = Products;
			sourceTree = "<group>";
		};
		0486F3C12FE7B7B700F77688 /* iOS (App) */ = {
			isa = PBXGroup;
			children = (
				0486F3C22FE7B7B700F77688 /* AppDelegate.swift */,
				0486F3C42FE7B7B700F77688 /* SceneDelegate.swift */,
				0486F3C62FE7B7B700F77688 /* LaunchScreen.storyboard */,
				0486F3C92FE7B7B700F77688 /* Main.storyboard */,
				0486F3CC2FE7B7B700F77688 /* Info.plist */,
			);
			path = "iOS (App)";
			sourceTree = "<group>";
		};
		0486F3D22FE7B7B700F77688 /* macOS (App) */ = {
			isa = PBXGroup;
			children = (
				0486F3D32FE7B7B700F77688 /* AppDelegate.swift */,
				0486F3D52FE7B7B700F77688 /* Main.storyboard */,
				0486F3D82FE7B7B700F77688 /* Info.plist */,
			);
			path = "macOS (App)";
			sourceTree = "<group>";
		};
		0486F3E12FE7B7B700F77688 /* iOS (Extension) */ = {
			isa = PBXGroup;
			children = (
				0486F3E22FE7B7B700F77688 /* Info.plist */,
			);
			path = "iOS (Extension)";
			sourceTree = "<group>";
		};
		0486F3EB2FE7B7B700F77688 /* macOS (Extension) */ = {
			isa = PBXGroup;
			children = (
				0486F3EC2FE7B7B700F77688 /* Info.plist */,
			);
			path = "macOS (Extension)";
			sourceTree = "<group>";
		};
		0486F40B2FE7B7B700F77688 /* Resources */ = {
			isa = PBXGroup;
			children = (
				0486F40C2FE7B7B700F77688 /* LICENSE */,
				0486F40D2FE7B7B700F77688 /* README.md */,
				0486F40E2FE7B7B700F77688 /* manifest.json */,
				0486F40F2FE7B7B700F77688 /* _locales */,
				0486F4102FE7B7B700F77688 /* assets */,
				0486F4112FE7B7B700F77688 /* src */,
			);
			name = Resources;
			path = "Shared (Extension)";
			sourceTree = SOURCE_ROOT;
		};
/* End PBXGroup section */

/* Begin PBXNativeTarget section */
		0486F3BE2FE7B7B700F77688 /* Stress Skeleton Lab (iOS) */ = {
			isa = PBXNativeTarget;
			buildConfigurationList = 0486F4012FE7B7B700F77688 /* Build configuration list for PBXNativeTarget "Stress Skeleton Lab (iOS)" */;
			buildPhases = (
				0486F3BB2FE7B7B700F77688 /* Sources */,
				0486F3BC2FE7B7B700F77688 /* Frameworks */,
				0486F3BD2FE7B7B700F77688 /* Resources */,
				0486F4002FE7B7B700F77688 /* Embed Foundation Extensions */,
			);
			buildRules = (
			);
			dependencies = (
				0486F3E02FE7B7B700F77688 /* PBXTargetDependency */,
			);
			name = "Stress Skeleton Lab (iOS)";
			packageProductDependencies = (
			);
			productName = "Stress Skeleton Lab (iOS)";
			productReference = 0486F3BF2FE7B7B700F77688 /* Stress Skeleton Lab.app */;
			productType = "com.apple.product-type.application";
		};
		0486F3D02FE7B7B700F77688 /* Stress Skeleton Lab (macOS) */ = {
			isa = PBXNativeTarget;
			buildConfigurationList = 0486F4082FE7B7B700F77688 /* Build configuration list for PBXNativeTarget "Stress Skeleton Lab (macOS)" */;
			buildPhases = (
				0486F3CD2FE7B7B700F77688 /* Sources */,
				0486F3CE2FE7B7B700F77688 /* Frameworks */,
				0486F3CF2FE7B7B700F77688 /* Resources */,
				0486F4072FE7B7B700F77688 /* Embed Foundation Extensions */,
			);
			buildRules = (
			);
			dependencies = (
				0486F3EA2FE7B7B700F77688 /* PBXTargetDependency */,
			);
			name = "Stress Skeleton Lab (macOS)";
			packageProductDependencies = (
			);
			productName = "Stress Skeleton Lab (macOS)";
			productReference = 0486F3D12FE7B7B700F77688 /* Stress Skeleton Lab.app */;
			productType = "com.apple.product-type.application";
		};
		0486F3DC2FE7B7B700F77688 /* Stress Skeleton Lab Extension (iOS) */ = {
			isa = PBXNativeTarget;
			buildConfigurationList = 0486F3FD2FE7B7B700F77688 /* Build configuration list for PBXNativeTarget "Stress Skeleton Lab Extension (iOS)" */;
			buildPhases = (
				0486F3D92FE7B7B700F77688 /* Sources */,
				0486F3DA2FE7B7B700F77688 /* Frameworks */,
				0486F3DB2FE7B7B700F77688 /* Resources */,
			);
			buildRules = (
			);
			dependencies = (
			);
			name = "Stress Skeleton Lab Extension (iOS)";
			packageProductDependencies = (
			);
			productName = "Stress Skeleton Lab Extension (iOS)";
			productReference = 0486F3DD2FE7B7B700F77688 /* Stress Skeleton Lab Extension.appex */;
			productType = "com.apple.product-type.app-extension";
		};
		0486F3E62FE7B7B700F77688 /* Stress Skeleton Lab Extension (macOS) */ = {
			isa = PBXNativeTarget;
			buildConfigurationList = 0486F4042FE7B7B700F77688 /* Build configuration list for PBXNativeTarget "Stress Skeleton Lab Extension (macOS)" */;
			buildPhases = (
				0486F3E32FE7B7B700F77688 /* Sources */,
				0486F3E42FE7B7B700F77688 /* Frameworks */,
				0486F3E52FE7B7B700F77688 /* Resources */,
			);
			buildRules = (
			);
			dependencies = (
			);
			name = "Stress Skeleton Lab Extension (macOS)";
			packageProductDependencies = (
			);
			productName = "Stress Skeleton Lab Extension (macOS)";
			productReference = 0486F3E72FE7B7B700F77688 /* Stress Skeleton Lab Extension.appex */;
			productType = "com.apple.product-type.app-extension";
		};
/* End PBXNativeTarget section */

/* Begin PBXProject section */
		0486F3AC2FE7B7B600F77688 /* Project object */ = {
			isa = PBXProject;
			attributes = {
				BuildIndependentTargetsInParallel = 1;
				LastSwiftUpdateCheck = 2630;
				LastUpgradeCheck = 2630;
				TargetAttributes = {
					0486F3BE2FE7B7B700F77688 = {
						CreatedOnToolsVersion = 26.3;
					};
					0486F3D02FE7B7B700F77688 = {
						CreatedOnToolsVersion = 26.3;
					};
					0486F3DC2FE7B7B700F77688 = {
						CreatedOnToolsVersion = 26.3;
					};
					0486F3E62FE7B7B700F77688 = {
						CreatedOnToolsVersion = 26.3;
					};
				};
			};
			buildConfigurationList = 0486F3AF2FE7B7B600F77688 /* Build configuration list for PBXProject "Stress Skeleton Lab" */;
			developmentRegion = en;
			hasScannedForEncodings = 0;
			knownRegions = (
				en,
				Base,
			);
			mainGroup = 0486F3AB2FE7B7B600F77688;
			minimizedProjectReferenceProxies = 1;
			preferredProjectObjectVersion = 77;
			productRefGroup = 0486F3C02FE7B7B700F77688 /* Products */;
			projectDirPath = "";
			projectRoot = "";
			targets = (
				0486F3BE2FE7B7B700F77688 /* Stress Skeleton Lab (iOS) */,
				0486F3D02FE7B7B700F77688 /* Stress Skeleton Lab (macOS) */,
				0486F3DC2FE7B7B700F77688 /* Stress Skeleton Lab Extension (iOS) */,
				0486F3E62FE7B7B700F77688 /* Stress Skeleton Lab Extension (macOS) */,
			);
		};
/* End PBXProject section */

/* Begin PBXResourcesBuildPhase section */
		0486F3BD2FE7B7B700F77688 /* Resources */ = {
			isa = PBXResourcesBuildPhase;
			buildActionMask = 2147483647;
			files = (
				0486F3EF2FE7B7B700F77688 /* Icon.png in Resources */,
				0486F3C82FE7B7B700F77688 /* LaunchScreen.storyboard in Resources */,
				0486F3ED2FE7B7B700F77688 /* Main.html in Resources */,
				0486F3F32FE7B7B700F77688 /* Script.js in Resources */,
				0486F3F72FE7B7B700F77688 /* Assets.xcassets in Resources */,
				0486F3CB2FE7B7B700F77688 /* Main.storyboard in Resources */,
				0486F3F12FE7B7B700F77688 /* Style.css in Resources */,
			);
			runOnlyForDeploymentPostprocessing = 0;
		};
		0486F3CF2FE7B7B700F77688 /* Resources */ = {
			isa = PBXResourcesBuildPhase;
			buildActionMask = 2147483647;
			files = (
				0486F3F02FE7B7B700F77688 /* Icon.png in Resources */,
				0486F3F22FE7B7B700F77688 /* Style.css in Resources */,
				0486F3D72FE7B7B700F77688 /* Main.storyboard in Resources */,
				0486F3F42FE7B7B700F77688 /* Script.js in Resources */,
				0486F3F82FE7B7B700F77688 /* Assets.xcassets in Resources */,
				0486F3EE2FE7B7B700F77688 /* Main.html in Resources */,
			);
			runOnlyForDeploymentPostprocessing = 0;
		};
		0486F3DB2FE7B7B700F77688 /* Resources */ = {
			isa = PBXResourcesBuildPhase;
			buildActionMask = 2147483647;
			files = (
				0486F41C2FE7B7B700F77688 /* assets in Resources */,
				0486F4192FE7B7B700F77688 /* README.md in Resources */,
				0486F41A2FE7B7B700F77688 /* manifest.json in Resources */,
				0486F41D2FE7B7B700F77688 /* src in Resources */,
				0486F41B2FE7B7B700F77688 /* _locales in Resources */,
				0486F4182FE7B7B700F77688 /* LICENSE in Resources */,
			);
			runOnlyForDeploymentPostprocessing = 0;
		};
		0486F3E52FE7B7B700F77688 /* Resources */ = {
			isa = PBXResourcesBuildPhase;
			buildActionMask = 2147483647;
			files = (
				0486F4162FE7B7B700F77688 /* assets in Resources */,
				0486F4132FE7B7B700F77688 /* README.md in Resources */,
				0486F4142FE7B7B700F77688 /* manifest.json in Resources */,
				0486F4172FE7B7B700F77688 /* src in Resources */,
				0486F4152FE7B7B700F77688 /* _locales in Resources */,
				0486F4122FE7B7B700F77688 /* LICENSE in Resources */,
			);
			runOnlyForDeploymentPostprocessing = 0;
		};
/* End PBXResourcesBuildPhase section */

/* Begin PBXSourcesBuildPhase section */
		0486F3BB2FE7B7B700F77688 /* Sources */ = {
			isa = PBXSourcesBuildPhase;
			buildActionMask = 2147483647;
			files = (
				0486F3F52FE7B7B700F77688 /* ViewController.swift in Sources */,
				0486F3C32FE7B7B700F77688 /* AppDelegate.swift in Sources */,
				0486F3C52FE7B7B700F77688 /* SceneDelegate.swift in Sources */,
			);
			runOnlyForDeploymentPostprocessing = 0;
		};
		0486F3CD2FE7B7B700F77688 /* Sources */ = {
			isa = PBXSourcesBuildPhase;
			buildActionMask = 2147483647;
			files = (
				0486F3F62FE7B7B700F77688 /* ViewController.swift in Sources */,
				0486F3D42FE7B7B700F77688 /* AppDelegate.swift in Sources */,
			);
			runOnlyForDeploymentPostprocessing = 0;
		};
		0486F3D92FE7B7B700F77688 /* Sources */ = {
			isa = PBXSourcesBuildPhase;
			buildActionMask = 2147483647;
			files = (
				0486F3F92FE7B7B700F77688 /* SafariWebExtensionHandler.swift in Sources */,
			);
			runOnlyForDeploymentPostprocessing = 0;
		};
		0486F3E32FE7B7B700F77688 /* Sources */ = {
			isa = PBXSourcesBuildPhase;
			buildActionMask = 2147483647;
			files = (
				0486F3FA2FE7B7B700F77688 /* SafariWebExtensionHandler.swift in Sources */,
			);
			runOnlyForDeploymentPostprocessing = 0;
		};
/* End PBXSourcesBuildPhase section */

/* Begin PBXTargetDependency section */
		0486F3E02FE7B7B700F77688 /* PBXTargetDependency */ = {
			isa = PBXTargetDependency;
			target = 0486F3DC2FE7B7B700F77688 /* Stress Skeleton Lab Extension (iOS) */;
			targetProxy = 0486F3DF2FE7B7B700F77688 /* PBXContainerItemProxy */;
		};
		0486F3EA2FE7B7B700F77688 /* PBXTargetDependency */ = {
			isa = PBXTargetDependency;
			target = 0486F3E62FE7B7B700F77688 /* Stress Skeleton Lab Extension (macOS) */;
			targetProxy = 0486F3E92FE7B7B700F77688 /* PBXContainerItemProxy */;
		};
/* End PBXTargetDependency section */

/* Begin PBXVariantGroup section */
		0486F3B22FE7B7B600F77688 /* Main.html */ = {
			isa = PBXVariantGroup;
			children = (
				0486F3B32FE7B7B600F77688 /* Base */,
			);
			name = Main.html;
			sourceTree = "<group>";
		};
		0486F3C62FE7B7B700F77688 /* LaunchScreen.storyboard */ = {
			isa = PBXVariantGroup;
			children = (
				0486F3C72FE7B7B700F77688 /* Base */,
			);
			name = LaunchScreen.storyboard;
			sourceTree = "<group>";
		};
		0486F3C92FE7B7B700F77688 /* Main.storyboard */ = {
			isa = PBXVariantGroup;
			children = (
				0486F3CA2FE7B7B700F77688 /* Base */,
			);
			name = Main.storyboard;
			sourceTree = "<group>";
		};
		0486F3D52FE7B7B700F77688 /* Main.storyboard */ = {
			isa = PBXVariantGroup;
			children = (
				0486F3D62FE7B7B700F77688 /* Base */,
			);
			name = Main.storyboard;
			sourceTree = "<group>";
		};
/* End PBXVariantGroup section */

/* Begin XCBuildConfiguration section */
		0486F3FB2FE7B7B700F77688 /* Debug */ = {
			isa = XCBuildConfiguration;
			buildSettings = {
				ALWAYS_SEARCH_USER_PATHS = NO;
				ASSETCATALOG_COMPILER_GENERATE_SWIFT_ASSET_SYMBOL_EXTENSIONS = YES;
				CLANG_ANALYZER_NONNULL = YES;
				CLANG_ANALYZER_NUMBER_OBJECT_CONVERSION = YES_AGGRESSIVE;
				CLANG_CXX_LANGUAGE_STANDARD = "gnu++20";
				CLANG_ENABLE_MODULES = YES;
				CLANG_ENABLE_OBJC_ARC = YES;
				CLANG_ENABLE_OBJC_WEAK = YES;
				CLANG_WARN_BLOCK_CAPTURE_AUTORELEASING = YES;
				CLANG_WARN_BOOL_CONVERSION = YES;
				CLANG_WARN_COMMA = YES;
				CLANG_WARN_CONSTANT_CONVERSION = YES;
				CLANG_WARN_DEPRECATED_OBJC_IMPLEMENTATIONS = YES;
				CLANG_WARN_DIRECT_OBJC_ISA_USAGE = YES_ERROR;
				CLANG_WARN_DOCUMENTATION_COMMENTS = YES;
				CLANG_WARN_EMPTY_BODY = YES;
				CLANG_WARN_ENUM_CONVERSION = YES;
				CLANG_WARN_INFINITE_RECURSION = YES;
				CLANG_WARN_INT_CONVERSION = YES;
				CLANG_WARN_NON_LITERAL_NULL_CONVERSION = YES;
				CLANG_WARN_OBJC_IMPLICIT_RETAIN_SELF = YES;
				CLANG_WARN_OBJC_LITERAL_CONVERSION = YES;
				CLANG_WARN_OBJC_ROOT_CLASS = YES_ERROR;
				CLANG_WARN_QUOTED_INCLUDE_IN_FRAMEWORK_HEADER = YES;
				CLANG_WARN_RANGE_LOOP_ANALYSIS = YES;
				CLANG_WARN_STRICT_PROTOTYPES = YES;
				CLANG_WARN_SUSPICIOUS_MOVE = YES;
				CLANG_WARN_UNGUARDED_AVAILABILITY = YES_AGGRESSIVE;
				CLANG_WARN_UNREACHABLE_CODE = YES;
				CLANG_WARN__DUPLICATE_METHOD_MATCH = YES;
				COPY_PHASE_STRIP = NO;
				DEBUG_INFORMATION_FORMAT = dwarf;
				ENABLE_STRICT_OBJC_MSGSEND = YES;
				ENABLE_TESTABILITY = YES;
				ENABLE_USER_SCRIPT_SANDBOXING = YES;
				GCC_C_LANGUAGE_STANDARD = gnu17;
				GCC_DYNAMIC_NO_PIC = NO;
				GCC_NO_COMMON_BLOCKS = YES;
				GCC_OPTIMIZATION_LEVEL = 0;
				GCC_PREPROCESSOR_DEFINITIONS = (
					"DEBUG=1",
					"$(inherited)",
				);
				GCC_WARN_64_TO_32_BIT_CONVERSION = YES;
				GCC_WARN_ABOUT_RETURN_TYPE = YES_ERROR;
				GCC_WARN_UNDECLARED_SELECTOR = YES;
				GCC_WARN_UNINITIALIZED_AUTOS = YES_AGGRESSIVE;
				GCC_WARN_UNUSED_FUNCTION = YES;
				GCC_WARN_UNUSED_VARIABLE = YES;
				LOCALIZATION_PREFERS_STRING_CATALOGS = YES;
				MTL_ENABLE_DEBUG_INFO = INCLUDE_SOURCE;
				MTL_FAST_MATH = YES;
				ONLY_ACTIVE_ARCH = YES;
				SWIFT_ACTIVE_COMPILATION_CONDITIONS = "DEBUG $(inherited)";
				SWIFT_OPTIMIZATION_LEVEL = "-Onone";
			};
			name = Debug;
		};
		0486F3FC2FE7B7B700F77688 /* Release */ = {
			isa = XCBuildConfiguration;
			buildSettings = {
				ALWAYS_SEARCH_USER_PATHS = NO;
				ASSETCATALOG_COMPILER_GENERATE_SWIFT_ASSET_SYMBOL_EXTENSIONS = YES;
				CLANG_ANALYZER_NONNULL = YES;
				CLANG_ANALYZER_NUMBER_OBJECT_CONVERSION = YES_AGGRESSIVE;
				CLANG_CXX_LANGUAGE_STANDARD = "gnu++20";
				CLANG_ENABLE_MODULES = YES;
				CLANG_ENABLE_OBJC_ARC = YES;
				CLANG_ENABLE_OBJC_WEAK = YES;
				CLANG_WARN_BLOCK_CAPTURE_AUTORELEASING = YES;
				CLANG_WARN_BOOL_CONVERSION = YES;
				CLANG_WARN_COMMA = YES;
				CLANG_WARN_CONSTANT_CONVERSION = YES;
				CLANG_WARN_DEPRECATED_OBJC_IMPLEMENTATIONS = YES;
				CLANG_WARN_DIRECT_OBJC_ISA_USAGE = YES_ERROR;
				CLANG_WARN_DOCUMENTATION_COMMENTS = YES;
				CLANG_WARN_EMPTY_BODY = YES;
				CLANG_WARN_ENUM_CONVERSION = YES;
				CLANG_WARN_INFINITE_RECURSION = YES;
				CLANG_WARN_INT_CONVERSION = YES;
				CLANG_WARN_NON_LITERAL_NULL_CONVERSION = YES;
				CLANG_WARN_OBJC_IMPLICIT_RETAIN_SELF = YES;
				CLANG_WARN_OBJC_LITERAL_CONVERSION = YES;
				CLANG_WARN_OBJC_ROOT_CLASS = YES_ERROR;
				CLANG_WARN_QUOTED_INCLUDE_IN_FRAMEWORK_HEADER = YES;
				CLANG_WARN_RANGE_LOOP_ANALYSIS = YES;
				CLANG_WARN_STRICT_PROTOTYPES = YES;
				CLANG_WARN_SUSPICIOUS_MOVE = YES;
				CLANG_WARN_UNGUARDED_AVAILABILITY = YES_AGGRESSIVE;
				CLANG_WARN_UNREACHABLE_CODE = YES;
				CLANG_WARN__DUPLICATE_METHOD_MATCH = YES;
				COPY_PHASE_STRIP = NO;
				DEBUG_INFORMATION_FORMAT = "dwarf-with-dsym";
				ENABLE_NS_ASSERTIONS = NO;
				ENABLE_STRICT_OBJC_MSGSEND = YES;
				ENABLE_USER_SCRIPT_SANDBOXING = YES;
				GCC_C_LANGUAGE_STANDARD = gnu17;
				GCC_NO_COMMON_BLOCKS = YES;
				GCC_WARN_64_TO_32_BIT_CONVERSION = YES;
				GCC_WARN_ABOUT_RETURN_TYPE = YES_ERROR;
				GCC_WARN_UNDECLARED_SELECTOR = YES;
				GCC_WARN_UNINITIALIZED_AUTOS = YES_AGGRESSIVE;
				GCC_WARN_UNUSED_FUNCTION = YES;
				GCC_WARN_UNUSED_VARIABLE = YES;
				LOCALIZATION_PREFERS_STRING_CATALOGS = YES;
				MTL_ENABLE_DEBUG_INFO = NO;
				MTL_FAST_MATH = YES;
				SWIFT_COMPILATION_MODE = wholemodule;
			};
			name = Release;
		};
		0486F3FE2FE7B7B700F77688 /* Debug */ = {
			isa = XCBuildConfiguration;
			buildSettings = {
				CODE_SIGN_STYLE = Automatic;
				CURRENT_PROJECT_VERSION = 1;
				GENERATE_INFOPLIST_FILE = YES;
				INFOPLIST_FILE = "iOS (Extension)/Info.plist";
				INFOPLIST_KEY_CFBundleDisplayName = "Stress Skeleton";
				INFOPLIST_KEY_NSHumanReadableCopyright = "";
				IPHONEOS_DEPLOYMENT_TARGET = 15.0;
				LD_RUNPATH_SEARCH_PATHS = (
					"$(inherited)",
					"@executable_path/Frameworks",
					"@executable_path/../../Frameworks",
				);
				MARKETING_VERSION = 1.0;
				OTHER_LDFLAGS = (
					"-framework",
					SafariServices,
				);
				PRODUCT_BUNDLE_IDENTIFIER = com.codex.bireadtranslator.Extension;
				PRODUCT_MODULE_NAME = StressSkeletonExtension;
				PRODUCT_NAME = "Stress Skeleton";
				SDKROOT = iphoneos;
				SKIP_INSTALL = YES;
				STRING_CATALOG_GENERATE_SYMBOLS = YES;
				SWIFT_APPROACHABLE_CONCURRENCY = YES;
				SWIFT_EMIT_LOC_STRINGS = YES;
				SWIFT_UPCOMING_FEATURE_MEMBER_IMPORT_VISIBILITY = YES;
				SWIFT_VERSION = 5.0;
				TARGETED_DEVICE_FAMILY = "1,2";
			};
			name = Debug;
		};
		0486F3FF2FE7B7B700F77688 /* Release */ = {
			isa = XCBuildConfiguration;
			buildSettings = {
				CODE_SIGN_STYLE = Automatic;
				CURRENT_PROJECT_VERSION = 1;
				GENERATE_INFOPLIST_FILE = YES;
				INFOPLIST_FILE = "iOS (Extension)/Info.plist";
				INFOPLIST_KEY_CFBundleDisplayName = "Stress Skeleton";
				INFOPLIST_KEY_NSHumanReadableCopyright = "";
				IPHONEOS_DEPLOYMENT_TARGET = 15.0;
				LD_RUNPATH_SEARCH_PATHS = (
					"$(inherited)",
					"@executable_path/Frameworks",
					"@executable_path/../../Frameworks",
				);
				MARKETING_VERSION = 1.0;
				OTHER_LDFLAGS = (
					"-framework",
					SafariServices,
				);
				PRODUCT_BUNDLE_IDENTIFIER = com.codex.bireadtranslator.Extension;
				PRODUCT_MODULE_NAME = StressSkeletonExtension;
				PRODUCT_NAME = "Stress Skeleton";
				SDKROOT = iphoneos;
				SKIP_INSTALL = YES;
				STRING_CATALOG_GENERATE_SYMBOLS = YES;
				SWIFT_APPROACHABLE_CONCURRENCY = YES;
				SWIFT_EMIT_LOC_STRINGS = YES;
				SWIFT_UPCOMING_FEATURE_MEMBER_IMPORT_VISIBILITY = YES;
				SWIFT_VERSION = 5.0;
				TARGETED_DEVICE_FAMILY = "1,2";
				VALIDATE_PRODUCT = YES;
			};
			name = Release;
		};
		0486F4022FE7B7B700F77688 /* Debug */ = {
			isa = XCBuildConfiguration;
			buildSettings = {
				ASSETCATALOG_COMPILER_APPICON_NAME = AppIcon;
				ASSETCATALOG_COMPILER_GLOBAL_ACCENT_COLOR_NAME = AccentColor;
				CODE_SIGN_STYLE = Automatic;
				CURRENT_PROJECT_VERSION = 1;
				GENERATE_INFOPLIST_FILE = YES;
				INFOPLIST_FILE = "iOS (App)/Info.plist";
				INFOPLIST_KEY_CFBundleDisplayName = "Stress Skeleton";
				INFOPLIST_KEY_UIApplicationSupportsIndirectInputEvents = YES;
				INFOPLIST_KEY_UILaunchStoryboardName = LaunchScreen;
				INFOPLIST_KEY_UIMainStoryboardFile = Main;
				INFOPLIST_KEY_UISupportedInterfaceOrientations = "UIInterfaceOrientationPortrait UIInterfaceOrientationLandscapeLeft UIInterfaceOrientationLandscapeRight";
				INFOPLIST_KEY_UISupportedInterfaceOrientations_iPad = "UIInterfaceOrientationPortrait UIInterfaceOrientationPortraitUpsideDown UIInterfaceOrientationLandscapeLeft UIInterfaceOrientationLandscapeRight";
				IPHONEOS_DEPLOYMENT_TARGET = 15.0;
				LD_RUNPATH_SEARCH_PATHS = (
					"$(inherited)",
					"@executable_path/Frameworks",
				);
				MARKETING_VERSION = 1.0;
				OTHER_LDFLAGS = (
					"-framework",
					SafariServices,
					"-framework",
					WebKit,
				);
				PRODUCT_BUNDLE_IDENTIFIER = com.codex.bireadtranslator;
				PRODUCT_MODULE_NAME = StressSkeletonApp;
				PRODUCT_NAME = "Stress Skeleton";
				SDKROOT = iphoneos;
				STRING_CATALOG_GENERATE_SYMBOLS = YES;
				SWIFT_APPROACHABLE_CONCURRENCY = YES;
				SWIFT_DEFAULT_ACTOR_ISOLATION = MainActor;
				SWIFT_EMIT_LOC_STRINGS = YES;
				SWIFT_UPCOMING_FEATURE_MEMBER_IMPORT_VISIBILITY = YES;
				SWIFT_VERSION = 5.0;
				TARGETED_DEVICE_FAMILY = "1,2";
			};
			name = Debug;
		};
		0486F4032FE7B7B700F77688 /* Release */ = {
			isa = XCBuildConfiguration;
			buildSettings = {
				ASSETCATALOG_COMPILER_APPICON_NAME = AppIcon;
				ASSETCATALOG_COMPILER_GLOBAL_ACCENT_COLOR_NAME = AccentColor;
				CODE_SIGN_STYLE = Automatic;
				CURRENT_PROJECT_VERSION = 1;
				GENERATE_INFOPLIST_FILE = YES;
				INFOPLIST_FILE = "iOS (App)/Info.plist";
				INFOPLIST_KEY_CFBundleDisplayName = "Stress Skeleton";
				INFOPLIST_KEY_UIApplicationSupportsIndirectInputEvents = YES;
				INFOPLIST_KEY_UILaunchStoryboardName = LaunchScreen;
				INFOPLIST_KEY_UIMainStoryboardFile = Main;
				INFOPLIST_KEY_UISupportedInterfaceOrientations = "UIInterfaceOrientationPortrait UIInterfaceOrientationLandscapeLeft UIInterfaceOrientationLandscapeRight";
				INFOPLIST_KEY_UISupportedInterfaceOrientations_iPad = "UIInterfaceOrientationPortrait UIInterfaceOrientationPortraitUpsideDown UIInterfaceOrientationLandscapeLeft UIInterfaceOrientationLandscapeRight";
				IPHONEOS_DEPLOYMENT_TARGET = 15.0;
				LD_RUNPATH_SEARCH_PATHS = (
					"$(inherited)",
					"@executable_path/Frameworks",
				);
				MARKETING_VERSION = 1.0;
				OTHER_LDFLAGS = (
					"-framework",
					SafariServices,
					"-framework",
					WebKit,
				);
				PRODUCT_BUNDLE_IDENTIFIER = com.codex.bireadtranslator;
				PRODUCT_MODULE_NAME = StressSkeletonApp;
				PRODUCT_NAME = "Stress Skeleton";
				SDKROOT = iphoneos;
				STRING_CATALOG_GENERATE_SYMBOLS = YES;
				SWIFT_APPROACHABLE_CONCURRENCY = YES;
				SWIFT_DEFAULT_ACTOR_ISOLATION = MainActor;
				SWIFT_EMIT_LOC_STRINGS = YES;
				SWIFT_UPCOMING_FEATURE_MEMBER_IMPORT_VISIBILITY = YES;
				SWIFT_VERSION = 5.0;
				TARGETED_DEVICE_FAMILY = "1,2";
				VALIDATE_PRODUCT = YES;
			};
			name = Release;
		};
		0486F4052FE7B7B700F77688 /* Debug */ = {
			isa = XCBuildConfiguration;
			buildSettings = {
				CODE_SIGN_STYLE = Automatic;
				CURRENT_PROJECT_VERSION = 1;
				ENABLE_APP_SANDBOX = YES;
				ENABLE_HARDENED_RUNTIME = YES;
				ENABLE_USER_SELECTED_FILES = readonly;
				GENERATE_INFOPLIST_FILE = YES;
				INFOPLIST_FILE = "macOS (Extension)/Info.plist";
				INFOPLIST_KEY_CFBundleDisplayName = "Stress Skeleton";
				INFOPLIST_KEY_NSHumanReadableCopyright = "";
				LD_RUNPATH_SEARCH_PATHS = (
					"$(inherited)",
					"@executable_path/../Frameworks",
					"@executable_path/../../../../Frameworks",
				);
				MACOSX_DEPLOYMENT_TARGET = 10.14;
				MARKETING_VERSION = 1.0;
				OTHER_LDFLAGS = (
					"-framework",
					SafariServices,
				);
				PRODUCT_BUNDLE_IDENTIFIER = com.codex.bireadtranslator.Extension;
				PRODUCT_MODULE_NAME = StressSkeletonExtension;
				PRODUCT_NAME = "Stress Skeleton";
				SDKROOT = macosx;
				SKIP_INSTALL = YES;
				STRING_CATALOG_GENERATE_SYMBOLS = YES;
				SWIFT_APPROACHABLE_CONCURRENCY = YES;
				SWIFT_EMIT_LOC_STRINGS = YES;
				SWIFT_UPCOMING_FEATURE_MEMBER_IMPORT_VISIBILITY = YES;
				SWIFT_VERSION = 5.0;
			};
			name = Debug;
		};
		0486F4062FE7B7B700F77688 /* Release */ = {
			isa = XCBuildConfiguration;
			buildSettings = {
				CODE_SIGN_STYLE = Automatic;
				CURRENT_PROJECT_VERSION = 1;
				ENABLE_APP_SANDBOX = YES;
				ENABLE_HARDENED_RUNTIME = YES;
				ENABLE_USER_SELECTED_FILES = readonly;
				GENERATE_INFOPLIST_FILE = YES;
				INFOPLIST_FILE = "macOS (Extension)/Info.plist";
				INFOPLIST_KEY_CFBundleDisplayName = "Stress Skeleton";
				INFOPLIST_KEY_NSHumanReadableCopyright = "";
				LD_RUNPATH_SEARCH_PATHS = (
					"$(inherited)",
					"@executable_path/../Frameworks",
					"@executable_path/../../../../Frameworks",
				);
				MACOSX_DEPLOYMENT_TARGET = 10.14;
				MARKETING_VERSION = 1.0;
				OTHER_LDFLAGS = (
					"-framework",
					SafariServices,
				);
				PRODUCT_BUNDLE_IDENTIFIER = com.codex.bireadtranslator.Extension;
				PRODUCT_MODULE_NAME = StressSkeletonExtension;
				PRODUCT_NAME = "Stress Skeleton";
				SDKROOT = macosx;
				SKIP_INSTALL = YES;
				STRING_CATALOG_GENERATE_SYMBOLS = YES;
				SWIFT_APPROACHABLE_CONCURRENCY = YES;
				SWIFT_EMIT_LOC_STRINGS = YES;
				SWIFT_UPCOMING_FEATURE_MEMBER_IMPORT_VISIBILITY = YES;
				SWIFT_VERSION = 5.0;
			};
			name = Release;
		};
		0486F4092FE7B7B700F77688 /* Debug */ = {
			isa = XCBuildConfiguration;
			buildSettings = {
				ASSETCATALOG_COMPILER_APPICON_NAME = AppIcon;
				ASSETCATALOG_COMPILER_GLOBAL_ACCENT_COLOR_NAME = AccentColor;
				CODE_SIGN_STYLE = Automatic;
				CURRENT_PROJECT_VERSION = 1;
				ENABLE_APP_SANDBOX = YES;
				ENABLE_HARDENED_RUNTIME = YES;
				ENABLE_OUTGOING_NETWORK_CONNECTIONS = YES;
				ENABLE_USER_SELECTED_FILES = readonly;
				GENERATE_INFOPLIST_FILE = YES;
				INFOPLIST_FILE = "macOS (App)/Info.plist";
				INFOPLIST_KEY_CFBundleDisplayName = "Stress Skeleton";
				INFOPLIST_KEY_NSMainStoryboardFile = Main;
				INFOPLIST_KEY_NSPrincipalClass = NSApplication;
				LD_RUNPATH_SEARCH_PATHS = (
					"$(inherited)",
					"@executable_path/../Frameworks",
				);
				MACOSX_DEPLOYMENT_TARGET = 10.14;
				MARKETING_VERSION = 1.0;
				OTHER_LDFLAGS = (
					"-framework",
					SafariServices,
					"-framework",
					WebKit,
				);
				PRODUCT_BUNDLE_IDENTIFIER = com.codex.bireadtranslator;
				PRODUCT_MODULE_NAME = StressSkeletonApp;
				PRODUCT_NAME = "Stress Skeleton";
				REGISTER_APP_GROUPS = YES;
				SDKROOT = macosx;
				STRING_CATALOG_GENERATE_SYMBOLS = YES;
				SWIFT_APPROACHABLE_CONCURRENCY = YES;
				SWIFT_DEFAULT_ACTOR_ISOLATION = MainActor;
				SWIFT_EMIT_LOC_STRINGS = YES;
				SWIFT_UPCOMING_FEATURE_MEMBER_IMPORT_VISIBILITY = YES;
				SWIFT_VERSION = 5.0;
			};
			name = Debug;
		};
		0486F40A2FE7B7B700F77688 /* Release */ = {
			isa = XCBuildConfiguration;
			buildSettings = {
				ASSETCATALOG_COMPILER_APPICON_NAME = AppIcon;
				ASSETCATALOG_COMPILER_GLOBAL_ACCENT_COLOR_NAME = AccentColor;
				CODE_SIGN_STYLE = Automatic;
				CURRENT_PROJECT_VERSION = 1;
				ENABLE_APP_SANDBOX = YES;
				ENABLE_HARDENED_RUNTIME = YES;
				ENABLE_OUTGOING_NETWORK_CONNECTIONS = YES;
				ENABLE_USER_SELECTED_FILES = readonly;
				GENERATE_INFOPLIST_FILE = YES;
				INFOPLIST_FILE = "macOS (App)/Info.plist";
				INFOPLIST_KEY_CFBundleDisplayName = "Stress Skeleton";
				INFOPLIST_KEY_NSMainStoryboardFile = Main;
				INFOPLIST_KEY_NSPrincipalClass = NSApplication;
				LD_RUNPATH_SEARCH_PATHS = (
					"$(inherited)",
					"@executable_path/../Frameworks",
				);
				MACOSX_DEPLOYMENT_TARGET = 10.14;
				MARKETING_VERSION = 1.0;
				OTHER_LDFLAGS = (
					"-framework",
					SafariServices,
					"-framework",
					WebKit,
				);
				PRODUCT_BUNDLE_IDENTIFIER = com.codex.bireadtranslator;
				PRODUCT_MODULE_NAME = StressSkeletonApp;
				PRODUCT_NAME = "Stress Skeleton";
				REGISTER_APP_GROUPS = YES;
				SDKROOT = macosx;
				STRING_CATALOG_GENERATE_SYMBOLS = YES;
				SWIFT_APPROACHABLE_CONCURRENCY = YES;
				SWIFT_DEFAULT_ACTOR_ISOLATION = MainActor;
				SWIFT_EMIT_LOC_STRINGS = YES;
				SWIFT_UPCOMING_FEATURE_MEMBER_IMPORT_VISIBILITY = YES;
				SWIFT_VERSION = 5.0;
			};
			name = Release;
		};
/* End XCBuildConfiguration section */

/* Begin XCConfigurationList section */
		0486F3AF2FE7B7B600F77688 /* Build configuration list for PBXProject "Stress Skeleton Lab" */ = {
			isa = XCConfigurationList;
			buildConfigurations = (
				0486F3FB2FE7B7B700F77688 /* Debug */,
				0486F3FC2FE7B7B700F77688 /* Release */,
			);
			defaultConfigurationIsVisible = 0;
			defaultConfigurationName = Release;
		};
		0486F3FD2FE7B7B700F77688 /* Build configuration list for PBXNativeTarget "Stress Skeleton Lab Extension (iOS)" */ = {
			isa = XCConfigurationList;
			buildConfigurations = (
				0486F3FE2FE7B7B700F77688 /* Debug */,
				0486F3FF2FE7B7B700F77688 /* Release */,
			);
			defaultConfigurationIsVisible = 0;
			defaultConfigurationName = Release;
		};
		0486F4012FE7B7B700F77688 /* Build configuration list for PBXNativeTarget "Stress Skeleton Lab (iOS)" */ = {
			isa = XCConfigurationList;
			buildConfigurations = (
				0486F4022FE7B7B700F77688 /* Debug */,
				0486F4032FE7B7B700F77688 /* Release */,
			);
			defaultConfigurationIsVisible = 0;
			defaultConfigurationName = Release;
		};
		0486F4042FE7B7B700F77688 /* Build configuration list for PBXNativeTarget "Stress Skeleton Lab Extension (macOS)" */ = {
			isa = XCConfigurationList;
			buildConfigurations = (
				0486F4052FE7B7B700F77688 /* Debug */,
				0486F4062FE7B7B700F77688 /* Release */,
			);
			defaultConfigurationIsVisible = 0;
			defaultConfigurationName = Release;
		};
		0486F4082FE7B7B700F77688 /* Build configuration list for PBXNativeTarget "Stress Skeleton Lab (macOS)" */ = {
			isa = XCConfigurationList;
			buildConfigurations = (
				0486F4092FE7B7B700F77688 /* Debug */,
				0486F40A2FE7B7B700F77688 /* Release */,
			);
			defaultConfigurationIsVisible = 0;
			defaultConfigurationName = Release;
		};
/* End XCConfigurationList section */
	};
	rootObject = 0486F3AC2FE7B7B600F77688 /* Project object */;
}
